
Microsoft Visual Studio Solution File, Format Version 12.00
# Visual Studio Version 17
VisualStudioVersion = 17.2.32616.157
MinimumVisualStudioVersion = 10.0.40219.1
Project("{FAE04EC0-301F-11D3-BF4B-00C04F79EFBC}") = "MISA.Web06.APIS.Api", "MISA.Web06.APIS.Api\MISA.Web06.APIS.Api.csproj", "{9C1B8045-6EF3-484B-A523-57FFFFDF2E29}"
EndProject
Project("{FAE04EC0-301F-11D3-BF4B-00C04F79EFBC}") = "MISA.Web06.APIS.Core", "MISA.Web06.APIS.Core\MISA.Web06.APIS.Core.csproj", "{3FA1B787-39EF-4819-B3EF-B125CD69449C}"
EndProject
Project("{FAE04EC0-301F-11D3-BF4B-00C04F79EFBC}") = "MISA.Web06.APIS.Infrastructure", "MISA.Web06.APIS.Infrastructure\MISA.Web06.APIS.Infrastructure.csproj", "{8B1F24DD-67C2-47FB-91E0-7F8F1C440481}"
EndProject
Global
	GlobalSection(SolutionConfigurationPlatforms) = preSolution
		Debug|Any CPU = Debug|Any CPU
		Release|Any CPU = Release|Any CPU
	EndGlobalSection
	GlobalSection(ProjectConfigurationPlatforms) = postSolution
		{9C1B8045-6EF3-484B-A523-57FFFFDF2E29}.Debug|Any CPU.ActiveCfg = Debug|Any CPU
		{9C1B8045-6EF3-484B-A523-57FFFFDF2E29}.Debug|Any CPU.Build.0 = Debug|Any CPU
		{9C1B8045-6EF3-484B-A523-57FFFFDF2E29}.Release|Any CPU.ActiveCfg = Release|Any CPU
		{9C1B8045-6EF3-484B-A523-57FFFFDF2E29}.Release|Any CPU.Build.0 = Release|Any CPU
		{3FA1B787-39EF-4819-B3EF-B125CD69449C}.Debug|Any CPU.ActiveCfg = Debug|Any CPU
		{3FA1B787-39EF-4819-B3EF-B125CD69449C}.Debug|Any CPU.Build.0 = Debug|Any CPU
		{3FA1B787-39EF-4819-B3EF-B125CD69449C}.Release|Any CPU.ActiveCfg = Release|Any CPU
		{3FA1B787-39EF-4819-B3EF-B125CD69449C}.Release|Any CPU.Build.0 = Release|Any CPU
		{8B1F24DD-67C2-47FB-91E0-7F8F1C440481}.Debug|Any CPU.ActiveCfg = Debug|Any CPU
		{8B1F24DD-67C2-47FB-91E0-7F8F1C440481}.Debug|Any CPU.Build.0 = Debug|Any CPU
		{8B1F24DD-67C2-47FB-91E0-7F8F1C440481}.Release|Any CPU.ActiveCfg = Release|Any CPU
		{8B1F24DD-67C2-47FB-91E0-7F8F1C440481}.Release|Any CPU.Build.0 = Release|Any CPU
	EndGlobalSection
	GlobalSection(SolutionProperties) = preSolution
		HideSolutionNode = FALSE
	EndGlobalSection
	GlobalSection(ExtensibilityGlobals) = postSolution
		SolutionGuid = {56079144-6FF6-46AF-8222-DA2D6D20691D}
	EndGlobalSection
EndGlobal
